
Microsoft Visual Studio Solution File, Format Version 12.00
Project("{2150E333-8FDC-42A3-9474-1A3956D46DE8}") = "src", "src", "{726FE8D4-12FE-4E9A-A086-9AAA3B131E9D}"
EndProject
Project("{2150E333-8FDC-42A3-9474-1A3956D46DE8}") = "Core", "Core", "{01A47800-7D75-4B9E-8CFD-45694E56A884}"
EndProject
Project("{2150E333-8FDC-42A3-9474-1A3956D46DE8}") = "Infrastructure", "Infrastructure", "{A34ADDA3-FB2C-4A37-B660-479BFD4C1396}"
EndProject
Project("{2150E333-8FDC-42A3-9474-1A3956D46DE8}") = "Presentation", "Presentation", "{B793996F-3C28-4369-9D35-58939215AE35}"
EndProject
Project("{FAE04EC0-301F-11D3-BF4B-00C04F79EFBC}") = "STC.Auth.Domain", "src\Core\STC.Auth.Domain\STC.Auth.Domain.csproj", "{F68A27E1-4728-4700-9CB8-F8CF6F0D6E61}"
EndProject
Project("{FAE04EC0-301F-11D3-BF4B-00C04F79EFBC}") = "STC.Auth.Application", "src\Core\STC.Auth.Application\STC.Auth.Application.csproj", "{22A82D08-2AA8-4767-B15D-D6EC32BBD502}"
EndProject
Project("{2150E333-8FDC-42A3-9474-1A3956D46DE8}") = "submodules", "submodules", "{AB322852-FAB3-4ABA-B63E-8B2219F48277}"
EndProject
Project("{FAE04EC0-301F-11D3-BF4B-00C04F79EFBC}") = "STC.Shared.Utilities.Pagination", "STC.Shared\src\Utilities\STC.Shared.Utilities.Pagination\STC.Shared.Utilities.Pagination.csproj", "{B8E3BCEA-722A-450F-BFED-F119D112B920}"
EndProject
Project("{FAE04EC0-301F-11D3-BF4B-00C04F79EFBC}") = "STC.Shared.Utilities.Response", "STC.Shared\src\Utilities\STC.Shared.Utilities.Response\STC.Shared.Utilities.Response.csproj", "{23D9AE36-B3D4-45D5-8FEC-D02D53270DA5}"
EndProject
Project("{FAE04EC0-301F-11D3-BF4B-00C04F79EFBC}") = "STC.Auth.Infrastructure", "src\Infrastructure\STC.Auth.Infrastructure\STC.Auth.Infrastructure.csproj", "{36046093-7F10-4783-9E2A-77AC14203581}"
EndProject
Project("{FAE04EC0-301F-11D3-BF4B-00C04F79EFBC}") = "STC.Auth.Persistence.EfCore", "src\Infrastructure\STC.Auth.Persistence.EfCore\STC.Auth.Persistence.EfCore.csproj", "{01BCE295-5904-4272-B459-3906E7796E1C}"
EndProject
Project("{FAE04EC0-301F-11D3-BF4B-00C04F79EFBC}") = "STC.Auth.WebAPI", "src\Presentation\STC.Auth.WebAPI\STC.Auth.WebAPI.csproj", "{DF1228E2-D529-4439-9E21-0A49058D27D8}"
EndProject
Project("{FAE04EC0-301F-11D3-BF4B-00C04F79EFBC}") = "STC.Shared.Logger", "STC.Shared\src\Utilities\STC.Shared.Logger\STC.Shared.Logger.csproj", "{8384CD7F-1FCD-4422-B277-48F20BCF3AEC}"
EndProject
Project("{FAE04EC0-301F-11D3-BF4B-00C04F79EFBC}") = "STC.Shared.JwtAuthentication", "STC.Shared\src\Utilities\STC.Shared.JwtAuthentication\STC.Shared.JwtAuthentication.csproj", "{A3EDB977-AE2D-4112-8FB6-0A0FA25AE98E}"
EndProject
Global
	GlobalSection(SolutionConfigurationPlatforms) = preSolution
		Debug|Any CPU = Debug|Any CPU
		Release|Any CPU = Release|Any CPU
	EndGlobalSection
	GlobalSection(NestedProjects) = preSolution
		{01A47800-7D75-4B9E-8CFD-45694E56A884} = {726FE8D4-12FE-4E9A-A086-9AAA3B131E9D}
		{A34ADDA3-FB2C-4A37-B660-479BFD4C1396} = {726FE8D4-12FE-4E9A-A086-9AAA3B131E9D}
		{B793996F-3C28-4369-9D35-58939215AE35} = {726FE8D4-12FE-4E9A-A086-9AAA3B131E9D}
		{F68A27E1-4728-4700-9CB8-F8CF6F0D6E61} = {01A47800-7D75-4B9E-8CFD-45694E56A884}
		{22A82D08-2AA8-4767-B15D-D6EC32BBD502} = {01A47800-7D75-4B9E-8CFD-45694E56A884}
		{B8E3BCEA-722A-450F-BFED-F119D112B920} = {AB322852-FAB3-4ABA-B63E-8B2219F48277}
		{23D9AE36-B3D4-45D5-8FEC-D02D53270DA5} = {AB322852-FAB3-4ABA-B63E-8B2219F48277}
		{36046093-7F10-4783-9E2A-77AC14203581} = {A34ADDA3-FB2C-4A37-B660-479BFD4C1396}
		{01BCE295-5904-4272-B459-3906E7796E1C} = {A34ADDA3-FB2C-4A37-B660-479BFD4C1396}
		{DF1228E2-D529-4439-9E21-0A49058D27D8} = {B793996F-3C28-4369-9D35-58939215AE35}
		{8384CD7F-1FCD-4422-B277-48F20BCF3AEC} = {AB322852-FAB3-4ABA-B63E-8B2219F48277}
		{A3EDB977-AE2D-4112-8FB6-0A0FA25AE98E} = {AB322852-FAB3-4ABA-B63E-8B2219F48277}
	EndGlobalSection
	GlobalSection(ProjectConfigurationPlatforms) = postSolution
		{F68A27E1-4728-4700-9CB8-F8CF6F0D6E61}.Debug|Any CPU.ActiveCfg = Debug|Any CPU
		{F68A27E1-4728-4700-9CB8-F8CF6F0D6E61}.Debug|Any CPU.Build.0 = Debug|Any CPU
		{F68A27E1-4728-4700-9CB8-F8CF6F0D6E61}.Release|Any CPU.ActiveCfg = Release|Any CPU
		{F68A27E1-4728-4700-9CB8-F8CF6F0D6E61}.Release|Any CPU.Build.0 = Release|Any CPU
		{22A82D08-2AA8-4767-B15D-D6EC32BBD502}.Debug|Any CPU.ActiveCfg = Debug|Any CPU
		{22A82D08-2AA8-4767-B15D-D6EC32BBD502}.Debug|Any CPU.Build.0 = Debug|Any CPU
		{22A82D08-2AA8-4767-B15D-D6EC32BBD502}.Release|Any CPU.ActiveCfg = Release|Any CPU
		{22A82D08-2AA8-4767-B15D-D6EC32BBD502}.Release|Any CPU.Build.0 = Release|Any CPU
		{B8E3BCEA-722A-450F-BFED-F119D112B920}.Debug|Any CPU.ActiveCfg = Debug|Any CPU
		{B8E3BCEA-722A-450F-BFED-F119D112B920}.Debug|Any CPU.Build.0 = Debug|Any CPU
		{B8E3BCEA-722A-450F-BFED-F119D112B920}.Release|Any CPU.ActiveCfg = Release|Any CPU
		{B8E3BCEA-722A-450F-BFED-F119D112B920}.Release|Any CPU.Build.0 = Release|Any CPU
		{23D9AE36-B3D4-45D5-8FEC-D02D53270DA5}.Debug|Any CPU.ActiveCfg = Debug|Any CPU
		{23D9AE36-B3D4-45D5-8FEC-D02D53270DA5}.Debug|Any CPU.Build.0 = Debug|Any CPU
		{23D9AE36-B3D4-45D5-8FEC-D02D53270DA5}.Release|Any CPU.ActiveCfg = Release|Any CPU
		{23D9AE36-B3D4-45D5-8FEC-D02D53270DA5}.Release|Any CPU.Build.0 = Release|Any CPU
		{36046093-7F10-4783-9E2A-77AC14203581}.Debug|Any CPU.ActiveCfg = Debug|Any CPU
		{36046093-7F10-4783-9E2A-77AC14203581}.Debug|Any CPU.Build.0 = Debug|Any CPU
		{36046093-7F10-4783-9E2A-77AC14203581}.Release|Any CPU.ActiveCfg = Release|Any CPU
		{36046093-7F10-4783-9E2A-77AC14203581}.Release|Any CPU.Build.0 = Release|Any CPU
		{01BCE295-5904-4272-B459-3906E7796E1C}.Debug|Any CPU.ActiveCfg = Debug|Any CPU
		{01BCE295-5904-4272-B459-3906E7796E1C}.Debug|Any CPU.Build.0 = Debug|Any CPU
		{01BCE295-5904-4272-B459-3906E7796E1C}.Release|Any CPU.ActiveCfg = Release|Any CPU
		{01BCE295-5904-4272-B459-3906E7796E1C}.Release|Any CPU.Build.0 = Release|Any CPU
		{DF1228E2-D529-4439-9E21-0A49058D27D8}.Debug|Any CPU.ActiveCfg = Debug|Any CPU
		{DF1228E2-D529-4439-9E21-0A49058D27D8}.Debug|Any CPU.Build.0 = Debug|Any CPU
		{DF1228E2-D529-4439-9E21-0A49058D27D8}.Release|Any CPU.ActiveCfg = Release|Any CPU
		{DF1228E2-D529-4439-9E21-0A49058D27D8}.Release|Any CPU.Build.0 = Release|Any CPU
		{8384CD7F-1FCD-4422-B277-48F20BCF3AEC}.Debug|Any CPU.ActiveCfg = Debug|Any CPU
		{8384CD7F-1FCD-4422-B277-48F20BCF3AEC}.Debug|Any CPU.Build.0 = Debug|Any CPU
		{8384CD7F-1FCD-4422-B277-48F20BCF3AEC}.Release|Any CPU.ActiveCfg = Release|Any CPU
		{8384CD7F-1FCD-4422-B277-48F20BCF3AEC}.Release|Any CPU.Build.0 = Release|Any CPU
		{A3EDB977-AE2D-4112-8FB6-0A0FA25AE98E}.Debug|Any CPU.ActiveCfg = Debug|Any CPU
		{A3EDB977-AE2D-4112-8FB6-0A0FA25AE98E}.Debug|Any CPU.Build.0 = Debug|Any CPU
		{A3EDB977-AE2D-4112-8FB6-0A0FA25AE98E}.Release|Any CPU.ActiveCfg = Release|Any CPU
		{A3EDB977-AE2D-4112-8FB6-0A0FA25AE98E}.Release|Any CPU.Build.0 = Release|Any CPU
	EndGlobalSection
EndGlobal
